{
  "name": "@types/stringee",
  "version": "1.0.0",
  "lockfileVersion": 3,
  "requires": true,
  "packages": {
    "": {
      "name": "@types/stringee",
      "version": "1.0.0",
      "devDependencies": {
        "@types/stringee": "./index.d.ts"
      }
    },
    "index.d.ts": {
      "dev": true
    },
    "node_modules/@types/stringee": {
      "resolved": "index.d.ts",
      "link": true
    }
  }
}
